// !$*UTF8*$!
{
	archiveVersion = 1;
	classes = {
	};
	objectVersion = 46;
	objects = {

/* Begin PBXBuildFile section */
		156637B61C106F5400029EA2 /* AppDelegate.swift in Sources */ = {isa = PBXBuildFile; fileRef = 156637B51C106F5400029EA2 /* AppDelegate.swift */; };
		156637B81C106F5400029EA2 /* ViewController.swift in Sources */ = {isa = PBXBuildFile; fileRef = 156637B71C106F5400029EA2 /* ViewController.swift */; };
		156637BB1C106F5400029EA2 /* Main.storyboard in Resources */ = {isa = PBXBuildFile; fileRef = 156637B91C106F5400029EA2 /* Main.storyboard */; };
		156637BD1C106F5400029EA2 /* Assets.xcassets in Resources */ = {isa = PBXBuildFile; fileRef = 156637BC1C106F5400029EA2 /* Assets.xcassets */; };
		156637C01C106F5400029EA2 /* LaunchScreen.storyboard in Resources */ = {isa = PBXBuildFile; fileRef = 156637BE1C106F5400029EA2 /* LaunchScreen.storyboard */; };
/* End PBXBuildFile section */

/* Begin PBXFileReference section */
		156637B21C106F5300029EA2 /* InspireMe.app */ = {isa = PBXFileReference; explicitFileType = wrapper.application; includeInIndex = 0; path = InspireMe.app; sourceTree = BUILT_PRODUCTS_DIR; };
		156637B51C106F5400029EA2 /* AppDelegate.swift */ = {isa = PBXFileReference; lastKnownFileType = sourcecode.swift; path = AppDelegate.swift; sourceTree = "<group>"; };
		156637B71C106F5400029EA2 /* ViewController.swift */ = {isa = PBXFileReference; lastKnownFileType = sourcecode.swift; path = ViewController.swift; sourceTree = "<group>"; };
		156637BA1C106F5400029EA2 /* Base */ = {isa = PBXFileReference; lastKnownFileType = file.storyboard; name = Base; path = Base.lproj/Main.storyboard; sourceTree = "<group>"; };
		156637BC1C106F5400029EA2 /* Assets.xcassets */ = {isa = PBXFileReference; lastKnownFileType = folder.assetcatalog; path = Assets.xcassets; sourceTree = "<group>"; };
		156637BF1C106F5400029EA2 /* Base */ = {isa = PBXFileReference; lastKnownFileType = file.storyboard; name = Base; path = Base.lproj/LaunchScreen.storyboard; sourceTree = "<group>"; };
		156637C11C106F5400029EA2 /* Info.plist */ = {isa = PBXFileReference; lastKnownFileType = text.plist.xml; path = Info.plist; sourceTree = "<group>"; };
/* End PBXFileReference section */

/* Begin PBXFrameworksBuildPhase section */
		156637AF1C106F5300029EA2 /* Frameworks */ = {
			isa = PBXFrameworksBuildPhase;
			buildActionMask = 2147483647;
			files = (
			);
			runOnlyForDeploymentPostprocessing = 0;
		};
/* End PBXFrameworksBuildPhase section */

/* Begin PBXGroup section */
		156637A91C106F5300029EA2 = {
			isa = PBXGroup;
			children = (
				156637B41C106F5400029EA2 /* InspireMe */,
				156637B31C106F5300029EA2 /* Products */,
			);
			sourceTree = "<group>";
		};
		156637B31C106F5300029EA2 /* Products */ = {
			isa = PBXGroup;
			children = (
				156637B21C106F5300029EA2 /* InspireMe.app */,
			);
			name = Products;
			sourceTree = "<group>";
		};
		156637B41C106F5400029EA2 /* InspireMe */ = {
			isa = PBXGroup;
			children = (
				156637B51C106F5400029EA2 /* AppDelegate.swift */,
				156637B71C106F5400029EA2 /* ViewController.swift */,
				156637B91C106F5400029EA2 /* Main.storyboard */,
				156637BC1C106F5400029EA2 /* Assets.xcassets */,
				156637BE1C106F5400029EA2 /* LaunchScreen.storyboard */,
				156637C11C106F5400029EA2 /* Info.plist */,
			);
			path = InspireMe;
			sourceTree = "<group>";
		};
/* End PBXGroup section */

/* Begin PBXNativeTarget section */
		156637B11C106F5300029EA2 /* InspireMe */ = {
			isa = PBXNativeTarget;
			buildConfigurationList = 156637C41C106F5400029EA2 /* Build configuration list for PBXNativeTarget "InspireMe" */;
			buildPhases = (
				156637AE1C106F5300029EA2 /* Sources */,
				156637AF1C106F5300029EA2 /* Frameworks */,
				156637B01C106F5300029EA2 /* Resources */,
			);
			buildRules = (
			);
			dependencies = (
			);
			name = InspireMe;
			productName = InspireMe;
			productReference = 156637B21C106F5300029EA2 /* InspireMe.app */;
			productType = "com.apple.product-type.application";
		};
/* End PBXNativeTarget section */

/* Begin PBXProject section */
		156637AA1C106F5300029EA2 /* Project object */ = {
			isa = PBXProject;
			attributes = {
				LastSwiftUpdateCheck = 0710;
				LastUpgradeCheck = 0710;
				ORGANIZATIONNAME = "Hafiz Developer";
				TargetAttributes = {
					156637B11C106F5300029EA2 = {
						CreatedOnToolsVersion = 7.1.1;
					};
				};
			};
			buildConfigurationList = 156637AD1C106F5300029EA2 /* Build configuration list for PBXProject "InspireMe" */;
			compatibilityVersion = "Xcode 3.2";
			developmentRegion = English;
			hasScannedForEncodings = 0;
			knownRegions = (
				en,
				Base,
			);
			mainGroup = 156637A91C106F5300029EA2;
			productRefGroup = 156637B31C106F5300029EA2 /* Products */;
			projectDirPath = "";
			projectRoot = "";
			targets = (
				156637B11C106F5300029EA2 /* InspireMe */,
			);
		};
/* End PBXProject section */

/* Begin PBXResourcesBuildPhase section */
		156637B01C106F5300029EA2 /* Resources */ = {
			isa = PBXResourcesBuildPhase;
			buildActionMask = 2147483647;
			files = (
				156637C01C106F5400029EA2 /* LaunchScreen.storyboard in Resources */,
				156637BD1C106F5400029EA2 /* Assets.xcassets in Resources */,
				156637BB1C106F5400029EA2 /* Main.storyboard in Resources */,
			);
			runOnlyForDeploymentPostprocessing = 0;
		};
/* End PBXResourcesBuildPhase section */

/* Begin PBXSourcesBuildPhase section */
		156637AE1C106F5300029EA2 /* Sources */ = {
			isa = PBXSourcesBuildPhase;
			buildActionMask = 2147483647;
			files = (
				156637B81C106F5400029EA2 /* ViewController.swift in Sources */,
				156637B61C106F5400029EA2 /* AppDelegate.swift in Sources */,
			);
			runOnlyForDeploymentPostprocessing = 0;
		};
/* End PBXSourcesBuildPhase section */

/* Begin PBXVariantGroup section */
		156637B91C106F5400029EA2 /* Main.storyboard */ = {
			isa = PBXVariantGroup;
			children = (
				156637BA1C106F5400029EA2 /* Base */,
			);
			name = Main.storyboard;
			sourceTree = "<group>";
		};
		156637BE1C106F5400029EA2 /* LaunchScreen.storyboard */ = {
			isa = PBXVariantGroup;
			children = (
				156637BF1C106F5400029EA2 /* Base */,
			);
			name = LaunchScreen.storyboard;
			sourceTree = "<group>";
		};
/* End PBXVariantGroup section */

/* Begin XCBuildConfiguration section */
		156637C21C106F5400029EA2 /* Debug */ = {
			isa = XCBuildConfiguration;
			buildSettings = {
				ALWAYS_SEARCH_USER_PATHS = NO;
				CLANG_CXX_LANGUAGE_STANDARD = "gnu++0x";
				CLANG_CXX_LIBRARY = "libc++";
				CLANG_ENABLE_MODULES = YES;
				CLANG_ENABLE_OBJC_ARC = YES;
				CLANG_WARN_BOOL_CONVERSION = YES;
				CLANG_WARN_CONSTANT_CONVERSION = YES;
				CLANG_WARN_DIRECT_OBJC_ISA_USAGE = YES_ERROR;
				CLANG_WARN_EMPTY_BODY = YES;
				CLANG_WARN_ENUM_CONVERSION = YES;
				CLANG_WARN_INT_CONVERSION = YES;
				CLANG_WARN_OBJC_ROOT_CLASS = YES_ERROR;
				CLANG_WARN_UNREACHABLE_CODE = YES;
				CLANG_WARN__DUPLICATE_METHOD_MATCH = YES;
				"CODE_SIGN_IDENTITY[sdk=iphoneos*]" = "iPhone Developer";
				COPY_PHASE_STRIP = NO;
				DEBUG_INFORMATION_FORMAT = dwarf;
				ENABLE_STRICT_OBJC_MSGSEND = YES;
				ENABLE_TESTABILITY = YES;
				GCC_C_LANGUAGE_STANDARD = gnu99;
				GCC_DYNAMIC_NO_PIC = NO;
				GCC_NO_COMMON_BLOCKS = YES;
				GCC_OPTIMIZATION_LEVEL = 0;
				GCC_PREPROCESSOR_DEFINITIONS = (
					"DEBUG=1",
					"$(inherited)",
				);
				GCC_WARN_64_TO_32_BIT_CONVERSION = YES;
				GCC_WARN_ABOUT_RETURN_TYPE = YES_ERROR;
				GCC_WARN_UNDECLARED_SELECTOR = YES;
				GCC_WARN_UNINITIALIZED_AUTOS = YES_AGGRESSIVE;
				GCC_WARN_UNUSED_FUNCTION = YES;
				GCC_WARN_UNUSED_VARIABLE = YES;
				IPHONEOS_DEPLOYMENT_TARGET = 9.1;
				MTL_ENABLE_DEBUG_INFO = YES;
				ONLY_ACTIVE_ARCH = YES;
				SDKROOT = iphoneos;
				SWIFT_OPTIMIZATION_LEVEL = "-Onone";
			};
			name = Debug;
		};
		156637C31C106F5400029EA2 /* Release */ = {
			isa = XCBuildConfiguration;
			buildSettings = {
				ALWAYS_SEARCH_USER_PATHS = NO;
				CLANG_CXX_LANGUAGE_STANDARD = "gnu++0x";
				CLANG_CXX_LIBRARY = "libc++";
				CLANG_ENABLE_MODULES = YES;
				CLANG_ENABLE_OBJC_ARC = YES;
				CLANG_WARN_BOOL_CONVERSION = YES;
				CLANG_WARN_CONSTANT_CONVERSION = YES;
				CLANG_WARN_DIRECT_OBJC_ISA_USAGE = YES_ERROR;
				CLANG_WARN_EMPTY_BODY = YES;
				CLANG_WARN_ENUM_CONVERSION = YES;
				CLANG_WARN_INT_CONVERSION = YES;
				CLANG_WARN_OBJC_ROOT_CLASS = YES_ERROR;
				CLANG_WARN_UNREACHABLE_CODE = YES;
				CLANG_WARN__DUPLICATE_METHOD_MATCH = YES;
				"CODE_SIGN_IDENTITY[sdk=iphoneos*]" = "iPhone Developer";
				COPY_PHASE_STRIP = NO;
				DEBUG_INFORMATION_FORMAT = "dwarf-with-dsym";
				ENABLE_NS_ASSERTIONS = NO;
				ENABLE_STRICT_OBJC_MSGSEND = YES;
				GCC_C_LANGUAGE_STANDARD = gnu99;
				GCC_NO_COMMON_BLOCKS = YES;
				GCC_WARN_64_TO_32_BIT_CONVERSION = YES;
				GCC_WARN_ABOUT_RETURN_TYPE = YES_ERROR;
				GCC_WARN_UNDECLARED_SELECTOR = YES;
				GCC_WARN_UNINITIALIZED_AUTOS = YES_AGGRESSIVE;
				GCC_WARN_UNUSED_FUNCTION = YES;
				GCC_WARN_UNUSED_VARIABLE = YES;
				IPHONEOS_DEPLOYMENT_TARGET = 9.1;
				MTL_ENABLE_DEBUG_INFO = NO;
				SDKROOT = iphoneos;
				VALIDATE_PRODUCT = YES;
			};
			name = Release;
		};
		156637C51C106F5400029EA2 /* Debug */ = {
			isa = XCBuildConfiguration;
			buildSettings = {
				ASSETCATALOG_COMPILER_APPICON_NAME = AppIcon;
				INFOPLIST_FILE = InspireMe/Info.plist;
				LD_RUNPATH_SEARCH_PATHS = "$(inherited) @executable_path/Frameworks";
				PRODUCT_BUNDLE_IDENTIFIER = com.Abdurrahman.InspireMe;
				PRODUCT_NAME = "$(TARGET_NAME)";
			};
			name = Debug;
		};
		156637C61C106F5400029EA2 /* Release */ = {
			isa = XCBuildConfiguration;
			buildSettings = {
				ASSETCATALOG_COMPILER_APPICON_NAME = AppIcon;
				INFOPLIST_FILE = InspireMe/Info.plist;
				LD_RUNPATH_SEARCH_PATHS = "$(inherited) @executable_path/Frameworks";
				PRODUCT_BUNDLE_IDENTIFIER = com.Abdurrahman.InspireMe;
				PRODUCT_NAME = "$(TARGET_NAME)";
			};
			name = Release;
		};
/* End XCBuildConfiguration section */

/* Begin XCConfigurationList section */
		156637AD1C106F5300029EA2 /* Build configuration list for PBXProject "InspireMe" */ = {
			isa = XCConfigurationList;
			buildConfigurations = (
				156637C21C106F5400029EA2 /* Debug */,
				156637C31C106F5400029EA2 /* Release */,
			);
			defaultConfigurationIsVisible = 0;
			defaultConfigurationName = Release;
		};
		156637C41C106F5400029EA2 /* Build configuration list for PBXNativeTarget "InspireMe" */ = {
			isa = XCConfigurationList;
			buildConfigurations = (
				156637C51C106F5400029EA2 /* Debug */,
				156637C61C106F5400029EA2 /* Release */,
			);
			defaultConfigurationIsVisible = 0;
		};
/* End XCConfigurationList section */
	};
	rootObject = 156637AA1C106F5300029EA2 /* Project object */;
}
